// !$*UTF8*$!
{
	archiveVersion = 1;
	classes = {
	};
	objectVersion = 46;
	objects = {

/* Begin PBXBuildFile section */
		4C2F244B1B0636BF00D05F56 /* XCTestCase+GCovFlush.m in Sources */ = {isa = PBXBuildFile; fileRef = 4C2F244A1B0636BF00D05F56 /* XCTestCase+GCovFlush.m */; };
		4C3F2B081B00D5A3003DCF92 /* main.m in Sources */ = {isa = PBXBuildFile; fileRef = 4C3F2B071B00D5A3003DCF92 /* main.m */; };
		4C3F2B0B1B00D5A3003DCF92 /* AppDelegate.m in Sources */ = {isa = PBXBuildFile; fileRef = 4C3F2B0A1B00D5A3003DCF92 /* AppDelegate.m */; };
		4C3F2B0E1B00D5A3003DCF92 /* ViewController.m in Sources */ = {isa = PBXBuildFile; fileRef = 4C3F2B0D1B00D5A3003DCF92 /* ViewController.m */; };
		4C3F2B111B00D5A3003DCF92 /* Main.storyboard in Resources */ = {isa = PBXBuildFile; fileRef = 4C3F2B0F1B00D5A3003DCF92 /* Main.storyboard */; };
		4C3F2B131B00D5A3003DCF92 /* Images.xcassets in Resources */ = {isa = PBXBuildFile; fileRef = 4C3F2B121B00D5A3003DCF92 /* Images.xcassets */; };
		4C3F2B161B00D5A3003DCF92 /* LaunchScreen.xib in Resources */ = {isa = PBXBuildFile; fileRef = 4C3F2B141B00D5A3003DCF92 /* LaunchScreen.xib */; };
		4C3F2B221B00D5A3003DCF92 /* JenkinsTestTests.m in Sources */ = {isa = PBXBuildFile; fileRef = 4C3F2B211B00D5A3003DCF92 /* JenkinsTestTests.m */; };
/* End PBXBuildFile section */

/* Begin PBXContainerItemProxy section */
		4C3F2B1C1B00D5A3003DCF92 /* PBXContainerItemProxy */ = {
			isa = PBXContainerItemProxy;
			containerPortal = 4C3F2AFA1B00D5A3003DCF92 /* Project object */;
			proxyType = 1;
			remoteGlobalIDString = 4C3F2B011B00D5A3003DCF92;
			remoteInfo = JenkinsTest;
		};
/* End PBXContainerItemProxy section */

/* Begin PBXFileReference section */
		4C2F244A1B0636BF00D05F56 /* XCTestCase+GCovFlush.m */ = {isa = PBXFileReference; fileEncoding = 4; lastKnownFileType = sourcecode.c.objc; path = "XCTestCase+GCovFlush.m"; sourceTree = "<group>"; };
		4C3F2B021B00D5A3003DCF92 /* JenkinsTest.app */ = {isa = PBXFileReference; explicitFileType = wrapper.application; includeInIndex = 0; path = JenkinsTest.app; sourceTree = BUILT_PRODUCTS_DIR; };
		4C3F2B061B00D5A3003DCF92 /* Info.plist */ = {isa = PBXFileReference; lastKnownFileType = text.plist.xml; path = Info.plist; sourceTree = "<group>"; };
		4C3F2B071B00D5A3003DCF92 /* main.m */ = {isa = PBXFileReference; lastKnownFileType = sourcecode.c.objc; path = main.m; sourceTree = "<group>"; };
		4C3F2B091B00D5A3003DCF92 /* AppDelegate.h */ = {isa = PBXFileReference; lastKnownFileType = sourcecode.c.h; path = AppDelegate.h; sourceTree = "<group>"; };
		4C3F2B0A1B00D5A3003DCF92 /* AppDelegate.m */ = {isa = PBXFileReference; lastKnownFileType = sourcecode.c.objc; path = AppDelegate.m; sourceTree = "<group>"; };
		4C3F2B0C1B00D5A3003DCF92 /* ViewController.h */ = {isa = PBXFileReference; lastKnownFileType = sourcecode.c.h; path = ViewController.h; sourceTree = "<group>"; };
		4C3F2B0D1B00D5A3003DCF92 /* ViewController.m */ = {isa = PBXFileReference; lastKnownFileType = sourcecode.c.objc; path = ViewController.m; sourceTree = "<group>"; };
		4C3F2B101B00D5A3003DCF92 /* Base */ = {isa = PBXFileReference; lastKnownFileType = file.storyboard; name = Base; path = Base.lproj/Main.storyboard; sourceTree = "<group>"; };
		4C3F2B121B00D5A3003DCF92 /* Images.xcassets */ = {isa = PBXFileReference; lastKnownFileType = folder.assetcatalog; path = Images.xcassets; sourceTree = "<group>"; };
		4C3F2B151B00D5A3003DCF92 /* Base */ = {isa = PBXFileReference; lastKnownFileType = file.xib; name = Base; path = Base.lproj/LaunchScreen.xib; sourceTree = "<group>"; };
		4C3F2B1B1B00D5A3003DCF92 /* JenkinsTestTests.xctest */ = {isa = PBXFileReference; explicitFileType = wrapper.cfbundle; includeInIndex = 0; path = JenkinsTestTests.xctest; sourceTree = BUILT_PRODUCTS_DIR; };
		4C3F2B201B00D5A3003DCF92 /* Info.plist */ = {isa = PBXFileReference; lastKnownFileType = text.plist.xml; path = Info.plist; sourceTree = "<group>"; };
		4C3F2B211B00D5A3003DCF92 /* JenkinsTestTests.m */ = {isa = PBXFileReference; lastKnownFileType = sourcecode.c.objc; path = JenkinsTestTests.m; sourceTree = "<group>"; };
/* End PBXFileReference section */

/* Begin PBXFrameworksBuildPhase section */
		4C3F2AFF1B00D5A3003DCF92 /* Frameworks */ = {
			isa = PBXFrameworksBuildPhase;
			buildActionMask = 2147483647;
			files = (
			);
			runOnlyForDeploymentPostprocessing = 0;
		};
		4C3F2B181B00D5A3003DCF92 /* Frameworks */ = {
			isa = PBXFrameworksBuildPhase;
			buildActionMask = 2147483647;
			files = (
			);
			runOnlyForDeploymentPostprocessing = 0;
		};
/* End PBXFrameworksBuildPhase section */

/* Begin PBXGroup section */
		4C3F2AF91B00D5A3003DCF92 = {
			isa = PBXGroup;
			children = (
				4C3F2B041B00D5A3003DCF92 /* JenkinsTest */,
				4C3F2B1E1B00D5A3003DCF92 /* JenkinsTestTests */,
				4C3F2B031B00D5A3003DCF92 /* Products */,
			);
			sourceTree = "<group>";
		};
		4C3F2B031B00D5A3003DCF92 /* Products */ = {
			isa = PBXGroup;
			children = (
				4C3F2B021B00D5A3003DCF92 /* JenkinsTest.app */,
				4C3F2B1B1B00D5A3003DCF92 /* JenkinsTestTests.xctest */,
			);
			name = Products;
			sourceTree = "<group>";
		};
		4C3F2B041B00D5A3003DCF92 /* JenkinsTest */ = {
			isa = PBXGroup;
			children = (
				4C3F2B091B00D5A3003DCF92 /* AppDelegate.h */,
				4C3F2B0A1B00D5A3003DCF92 /* AppDelegate.m */,
				4C3F2B0C1B00D5A3003DCF92 /* ViewController.h */,
				4C3F2B0D1B00D5A3003DCF92 /* ViewController.m */,
				4C3F2B0F1B00D5A3003DCF92 /* Main.storyboard */,
				4C3F2B121B00D5A3003DCF92 /* Images.xcassets */,
				4C3F2B141B00D5A3003DCF92 /* LaunchScreen.xib */,
				4C3F2B051B00D5A3003DCF92 /* Supporting Files */,
			);
			path = JenkinsTest;
			sourceTree = "<group>";
		};
		4C3F2B051B00D5A3003DCF92 /* Supporting Files */ = {
			isa = PBXGroup;
			children = (
				4C3F2B061B00D5A3003DCF92 /* Info.plist */,
				4C3F2B071B00D5A3003DCF92 /* main.m */,
			);
			name = "Supporting Files";
			sourceTree = "<group>";
		};
		4C3F2B1E1B00D5A3003DCF92 /* JenkinsTestTests */ = {
			isa = PBXGroup;
			children = (
				4C3F2B211B00D5A3003DCF92 /* JenkinsTestTests.m */,
				4C3F2B1F1B00D5A3003DCF92 /* Supporting Files */,
				4C2F244A1B0636BF00D05F56 /* XCTestCase+GCovFlush.m */,
			);
			path = JenkinsTestTests;
			sourceTree = "<group>";
		};
		4C3F2B1F1B00D5A3003DCF92 /* Supporting Files */ = {
			isa = PBXGroup;
			children = (
				4C3F2B201B00D5A3003DCF92 /* Info.plist */,
			);
			name = "Supporting Files";
			sourceTree = "<group>";
		};
/* End PBXGroup section */

/* Begin PBXNativeTarget section */
		4C3F2B011B00D5A3003DCF92 /* JenkinsTest */ = {
			isa = PBXNativeTarget;
			buildConfigurationList = 4C3F2B251B00D5A3003DCF92 /* Build configuration list for PBXNativeTarget "JenkinsTest" */;
			buildPhases = (
				4C3F2AFE1B00D5A3003DCF92 /* Sources */,
				4C3F2AFF1B00D5A3003DCF92 /* Frameworks */,
				4C3F2B001B00D5A3003DCF92 /* Resources */,
			);
			buildRules = (
			);
			dependencies = (
			);
			name = JenkinsTest;
			productName = JenkinsTest;
			productReference = 4C3F2B021B00D5A3003DCF92 /* JenkinsTest.app */;
			productType = "com.apple.product-type.application";
		};
		4C3F2B1A1B00D5A3003DCF92 /* JenkinsTestTests */ = {
			isa = PBXNativeTarget;
			buildConfigurationList = 4C3F2B281B00D5A3003DCF92 /* Build configuration list for PBXNativeTarget "JenkinsTestTests" */;
			buildPhases = (
				4C3F2B171B00D5A3003DCF92 /* Sources */,
				4C3F2B181B00D5A3003DCF92 /* Frameworks */,
				4C3F2B191B00D5A3003DCF92 /* Resources */,
			);
			buildRules = (
			);
			dependencies = (
				4C3F2B1D1B00D5A3003DCF92 /* PBXTargetDependency */,
			);
			name = JenkinsTestTests;
			productName = JenkinsTestTests;
			productReference = 4C3F2B1B1B00D5A3003DCF92 /* JenkinsTestTests.xctest */;
			productType = "com.apple.product-type.bundle.unit-test";
		};
/* End PBXNativeTarget section */

/* Begin PBXProject section */
		4C3F2AFA1B00D5A3003DCF92 /* Project object */ = {
			isa = PBXProject;
			attributes = {
				LastUpgradeCheck = 0630;
				ORGANIZATIONNAME = "Stephan Partzsch";
				TargetAttributes = {
					4C3F2B011B00D5A3003DCF92 = {
						CreatedOnToolsVersion = 6.3.1;
						DevelopmentTeam = E7RZZHFLBB;
					};
					4C3F2B1A1B00D5A3003DCF92 = {
						CreatedOnToolsVersion = 6.3.1;
						TestTargetID = 4C3F2B011B00D5A3003DCF92;
					};
				};
			};
			buildConfigurationList = 4C3F2AFD1B00D5A3003DCF92 /* Build configuration list for PBXProject "JenkinsTest" */;
			compatibilityVersion = "Xcode 3.2";
			developmentRegion = English;
			hasScannedForEncodings = 0;
			knownRegions = (
				en,
				Base,
			);
			mainGroup = 4C3F2AF91B00D5A3003DCF92;
			productRefGroup = 4C3F2B031B00D5A3003DCF92 /* Products */;
			projectDirPath = "";
			projectRoot = "";
			targets = (
				4C3F2B011B00D5A3003DCF92 /* JenkinsTest */,
				4C3F2B1A1B00D5A3003DCF92 /* JenkinsTestTests */,
			);
		};
/* End PBXProject section */

/* Begin PBXResourcesBuildPhase section */
		4C3F2B001B00D5A3003DCF92 /* Resources */ = {
			isa = PBXResourcesBuildPhase;
			buildActionMask = 2147483647;
			files = (
				4C3F2B111B00D5A3003DCF92 /* Main.storyboard in Resources */,
				4C3F2B161B00D5A3003DCF92 /* LaunchScreen.xib in Resources */,
				4C3F2B131B00D5A3003DCF92 /* Images.xcassets in Resources */,
			);
			runOnlyForDeploymentPostprocessing = 0;
		};
		4C3F2B191B00D5A3003DCF92 /* Resources */ = {
			isa = PBXResourcesBuildPhase;
			buildActionMask = 2147483647;
			files = (
			);
			runOnlyForDeploymentPostprocessing = 0;
		};
/* End PBXResourcesBuildPhase section */

/* Begin PBXSourcesBuildPhase section */
		4C3F2AFE1B00D5A3003DCF92 /* Sources */ = {
			isa = PBXSourcesBuildPhase;
			buildActionMask = 2147483647;
			files = (
				4C2F244B1B0636BF00D05F56 /* XCTestCase+GCovFlush.m in Sources */,
				4C3F2B0E1B00D5A3003DCF92 /* ViewController.m in Sources */,
				4C3F2B0B1B00D5A3003DCF92 /* AppDelegate.m in Sources */,
				4C3F2B081B00D5A3003DCF92 /* main.m in Sources */,
			);
			runOnlyForDeploymentPostprocessing = 0;
		};
		4C3F2B171B00D5A3003DCF92 /* Sources */ = {
			isa = PBXSourcesBuildPhase;
			buildActionMask = 2147483647;
			files = (
				4C3F2B221B00D5A3003DCF92 /* JenkinsTestTests.m in Sources */,
			);
			runOnlyForDeploymentPostprocessing = 0;
		};
/* End PBXSourcesBuildPhase section */

/* Begin PBXTargetDependency section */
		4C3F2B1D1B00D5A3003DCF92 /* PBXTargetDependency */ = {
			isa = PBXTargetDependency;
			target = 4C3F2B011B00D5A3003DCF92 /* JenkinsTest */;
			targetProxy = 4C3F2B1C1B00D5A3003DCF92 /* PBXContainerItemProxy */;
		};
/* End PBXTargetDependency section */

/* Begin PBXVariantGroup section */
		4C3F2B0F1B00D5A3003DCF92 /* Main.storyboard */ = {
			isa = PBXVariantGroup;
			children = (
				4C3F2B101B00D5A3003DCF92 /* Base */,
			);
			name = Main.storyboard;
			sourceTree = "<group>";
		};
		4C3F2B141B00D5A3003DCF92 /* LaunchScreen.xib */ = {
			isa = PBXVariantGroup;
			children = (
				4C3F2B151B00D5A3003DCF92 /* Base */,
			);
			name = LaunchScreen.xib;
			sourceTree = "<group>";
		};
/* End PBXVariantGroup section */

/* Begin XCBuildConfiguration section */
		4C3F2B231B00D5A3003DCF92 /* Debug */ = {
			isa = XCBuildConfiguration;
			buildSettings = {
				ALWAYS_SEARCH_USER_PATHS = NO;
				CLANG_CXX_LANGUAGE_STANDARD = "gnu++0x";
				CLANG_CXX_LIBRARY = "libc++";
				CLANG_ENABLE_MODULES = YES;
				CLANG_ENABLE_OBJC_ARC = YES;
				CLANG_WARN_BOOL_CONVERSION = YES;
				CLANG_WARN_CONSTANT_CONVERSION = YES;
				CLANG_WARN_DIRECT_OBJC_ISA_USAGE = YES_ERROR;
				CLANG_WARN_EMPTY_BODY = YES;
				CLANG_WARN_ENUM_CONVERSION = YES;
				CLANG_WARN_INT_CONVERSION = YES;
				CLANG_WARN_OBJC_ROOT_CLASS = YES_ERROR;
				CLANG_WARN_UNREACHABLE_CODE = YES;
				CLANG_WARN__DUPLICATE_METHOD_MATCH = YES;
				"CODE_SIGN_IDENTITY[sdk=iphoneos*]" = "iPhone Developer";
				COPY_PHASE_STRIP = NO;
				DEBUG_INFORMATION_FORMAT = "dwarf-with-dsym";
				ENABLE_STRICT_OBJC_MSGSEND = YES;
				GCC_C_LANGUAGE_STANDARD = gnu99;
				GCC_DYNAMIC_NO_PIC = NO;
				GCC_NO_COMMON_BLOCKS = YES;
				GCC_OPTIMIZATION_LEVEL = 0;
				GCC_PREPROCESSOR_DEFINITIONS = (
					"DEBUG=1",
					"$(inherited)",
				);
				GCC_SYMBOLS_PRIVATE_EXTERN = NO;
				GCC_WARN_64_TO_32_BIT_CONVERSION = YES;
				GCC_WARN_ABOUT_RETURN_TYPE = YES_ERROR;
				GCC_WARN_UNDECLARED_SELECTOR = YES;
				GCC_WARN_UNINITIALIZED_AUTOS = YES_AGGRESSIVE;
				GCC_WARN_UNUSED_FUNCTION = YES;
				GCC_WARN_UNUSED_VARIABLE = YES;
				IPHONEOS_DEPLOYMENT_TARGET = 8.3;
				MTL_ENABLE_DEBUG_INFO = YES;
				ONLY_ACTIVE_ARCH = YES;
				SDKROOT = iphoneos;
			};
			name = Debug;
		};
		4C3F2B241B00D5A3003DCF92 /* Release */ = {
			isa = XCBuildConfiguration;
			buildSettings = {
				ALWAYS_SEARCH_USER_PATHS = NO;
				CLANG_CXX_LANGUAGE_STANDARD = "gnu++0x";
				CLANG_CXX_LIBRARY = "libc++";
				CLANG_ENABLE_MODULES = YES;
				CLANG_ENABLE_OBJC_ARC = YES;
				CLANG_WARN_BOOL_CONVERSION = YES;
				CLANG_WARN_CONSTANT_CONVERSION = YES;
				CLANG_WARN_DIRECT_OBJC_ISA_USAGE = YES_ERROR;
				CLANG_WARN_EMPTY_BODY = YES;
				CLANG_WARN_ENUM_CONVERSION = YES;
				CLANG_WARN_INT_CONVERSION = YES;
				CLANG_WARN_OBJC_ROOT_CLASS = YES_ERROR;
				CLANG_WARN_UNREACHABLE_CODE = YES;
				CLANG_WARN__DUPLICATE_METHOD_MATCH = YES;
				"CODE_SIGN_IDENTITY[sdk=iphoneos*]" = "iPhone Distribution";
				COPY_PHASE_STRIP = NO;
				DEBUG_INFORMATION_FORMAT = "dwarf-with-dsym";
				ENABLE_NS_ASSERTIONS = NO;
				ENABLE_STRICT_OBJC_MSGSEND = YES;
				GCC_C_LANGUAGE_STANDARD = gnu99;
				GCC_NO_COMMON_BLOCKS = YES;
				GCC_WARN_64_TO_32_BIT_CONVERSION = YES;
				GCC_WARN_ABOUT_RETURN_TYPE = YES_ERROR;
				GCC_WARN_UNDECLARED_SELECTOR = YES;
				GCC_WARN_UNINITIALIZED_AUTOS = YES_AGGRESSIVE;
				GCC_WARN_UNUSED_FUNCTION = YES;
				GCC_WARN_UNUSED_VARIABLE = YES;
				IPHONEOS_DEPLOYMENT_TARGET = 8.3;
				MTL_ENABLE_DEBUG_INFO = NO;
				SDKROOT = iphoneos;
				VALIDATE_PRODUCT = YES;
			};
			name = Release;
		};
		4C3F2B261B00D5A3003DCF92 /* Debug */ = {
			isa = XCBuildConfiguration;
			buildSettings = {
				ASSETCATALOG_COMPILER_APPICON_NAME = AppIcon;
				INFOPLIST_FILE = JenkinsTest/Info.plist;
				LD_RUNPATH_SEARCH_PATHS = "$(inherited) @executable_path/Frameworks";
				PRODUCT_NAME = "$(TARGET_NAME)";
			};
			name = Debug;
		};
		4C3F2B271B00D5A3003DCF92 /* Release */ = {
			isa = XCBuildConfiguration;
			buildSettings = {
				ASSETCATALOG_COMPILER_APPICON_NAME = AppIcon;
				INFOPLIST_FILE = JenkinsTest/Info.plist;
				LD_RUNPATH_SEARCH_PATHS = "$(inherited) @executable_path/Frameworks";
				PRODUCT_NAME = "$(TARGET_NAME)";
			};
			name = Release;
		};
		4C3F2B291B00D5A3003DCF92 /* Debug */ = {
			isa = XCBuildConfiguration;
			buildSettings = {
				BUNDLE_LOADER = "$(TEST_HOST)";
				FRAMEWORK_SEARCH_PATHS = (
					"$(SDKROOT)/Developer/Library/Frameworks",
					"$(inherited)",
				);
				GCC_PREPROCESSOR_DEFINITIONS = (
					"DEBUG=1",
					"$(inherited)",
				);
				INFOPLIST_FILE = JenkinsTestTests/Info.plist;
				LD_RUNPATH_SEARCH_PATHS = "$(inherited) @executable_path/Frameworks @loader_path/Frameworks";
				PRODUCT_NAME = "$(TARGET_NAME)";
				TEST_HOST = "$(BUILT_PRODUCTS_DIR)/JenkinsTest.app/JenkinsTest";
			};
			name = Debug;
		};
		4C3F2B2A1B00D5A3003DCF92 /* Release */ = {
			isa = XCBuildConfiguration;
			buildSettings = {
				BUNDLE_LOADER = "$(TEST_HOST)";
				FRAMEWORK_SEARCH_PATHS = (
					"$(SDKROOT)/Developer/Library/Frameworks",
					"$(inherited)",
				);
				INFOPLIST_FILE = JenkinsTestTests/Info.plist;
				LD_RUNPATH_SEARCH_PATHS = "$(inherited) @executable_path/Frameworks @loader_path/Frameworks";
				PRODUCT_NAME = "$(TARGET_NAME)";
				TEST_HOST = "$(BUILT_PRODUCTS_DIR)/JenkinsTest.app/JenkinsTest";
			};
			name = Release;
		};
/* End XCBuildConfiguration section */

/* Begin XCConfigurationList section */
		4C3F2AFD1B00D5A3003DCF92 /* Build configuration list for PBXProject "JenkinsTest" */ = {
			isa = XCConfigurationList;
			buildConfigurations = (
				4C3F2B231B00D5A3003DCF92 /* Debug */,
				4C3F2B241B00D5A3003DCF92 /* Release */,
			);
			defaultConfigurationIsVisible = 0;
			defaultConfigurationName = Release;
		};
		4C3F2B251B00D5A3003DCF92 /* Build configuration list for PBXNativeTarget "JenkinsTest" */ = {
			isa = XCConfigurationList;
			buildConfigurations = (
				4C3F2B261B00D5A3003DCF92 /* Debug */,
				4C3F2B271B00D5A3003DCF92 /* Release */,
			);
			defaultConfigurationIsVisible = 0;
			defaultConfigurationName = Release;
		};
		4C3F2B281B00D5A3003DCF92 /* Build configuration list for PBXNativeTarget "JenkinsTestTests" */ = {
			isa = XCConfigurationList;
			buildConfigurations = (
				4C3F2B291B00D5A3003DCF92 /* Debug */,
				4C3F2B2A1B00D5A3003DCF92 /* Release */,
			);
			defaultConfigurationIsVisible = 0;
			defaultConfigurationName = Release;
		};
/* End XCConfigurationList section */
	};
	rootObject = 4C3F2AFA1B00D5A3003DCF92 /* Project object */;
}
